
Microsoft Visual Studio Solution File, Format Version 12.00
# Visual Studio Version 17
VisualStudioVersion = 17.8.34330.188
MinimumVisualStudioVersion = 10.0.40219.1
Project("{9A19103F-16F7-4668-BE54-9A1E7A4F7556}") = "sledge_test", "sledge_test\sledge_test.csproj", "{E130E097-EBBD-439C-95B7-C4FB7FEBD578}"
EndProject
Project("{FAE04EC0-301F-11D3-BF4B-00C04F79EFBC}") = "sledge_map_loader", "sledge_map_loader\sledge_map_loader.csproj", "{3733FAED-84E8-4B6A-903B-C82204FBFEF0}"
EndProject
Project("{8BC9CEB8-8B4A-11D0-8D11-00A0C91BC942}") = "native_test", "native_test\native_test.vcxproj", "{F06DD35F-9F3F-4AC4-8DD7-071B42F8EA8F}"
EndProject
Global
	GlobalSection(SolutionConfigurationPlatforms) = preSolution
		Debug|Any CPU = Debug|Any CPU
		Debug|x64 = Debug|x64
		Debug|x86 = Debug|x86
		Release|Any CPU = Release|Any CPU
		Release|x64 = Release|x64
		Release|x86 = Release|x86
	EndGlobalSection
	GlobalSection(ProjectConfigurationPlatforms) = postSolution
		{E130E097-EBBD-439C-95B7-C4FB7FEBD578}.Debug|Any CPU.ActiveCfg = Debug|Any CPU
		{E130E097-EBBD-439C-95B7-C4FB7FEBD578}.Debug|Any CPU.Build.0 = Debug|Any CPU
		{E130E097-EBBD-439C-95B7-C4FB7FEBD578}.Debug|x64.ActiveCfg = Debug|Any CPU
		{E130E097-EBBD-439C-95B7-C4FB7FEBD578}.Debug|x64.Build.0 = Debug|Any CPU
		{E130E097-EBBD-439C-95B7-C4FB7FEBD578}.Debug|x86.ActiveCfg = Debug|Any CPU
		{E130E097-EBBD-439C-95B7-C4FB7FEBD578}.Debug|x86.Build.0 = Debug|Any CPU
		{E130E097-EBBD-439C-95B7-C4FB7FEBD578}.Release|Any CPU.ActiveCfg = Release|Any CPU
		{E130E097-EBBD-439C-95B7-C4FB7FEBD578}.Release|Any CPU.Build.0 = Release|Any CPU
		{E130E097-EBBD-439C-95B7-C4FB7FEBD578}.Release|x64.ActiveCfg = Release|Any CPU
		{E130E097-EBBD-439C-95B7-C4FB7FEBD578}.Release|x64.Build.0 = Release|Any CPU
		{E130E097-EBBD-439C-95B7-C4FB7FEBD578}.Release|x86.ActiveCfg = Release|Any CPU
		{E130E097-EBBD-439C-95B7-C4FB7FEBD578}.Release|x86.Build.0 = Release|Any CPU
		{3733FAED-84E8-4B6A-903B-C82204FBFEF0}.Debug|Any CPU.ActiveCfg = Debug|Any CPU
		{3733FAED-84E8-4B6A-903B-C82204FBFEF0}.Debug|Any CPU.Build.0 = Debug|Any CPU
		{3733FAED-84E8-4B6A-903B-C82204FBFEF0}.Debug|x64.ActiveCfg = Debug|Any CPU
		{3733FAED-84E8-4B6A-903B-C82204FBFEF0}.Debug|x64.Build.0 = Debug|Any CPU
		{3733FAED-84E8-4B6A-903B-C82204FBFEF0}.Debug|x86.ActiveCfg = Debug|Any CPU
		{3733FAED-84E8-4B6A-903B-C82204FBFEF0}.Debug|x86.Build.0 = Debug|Any CPU
		{3733FAED-84E8-4B6A-903B-C82204FBFEF0}.Release|Any CPU.ActiveCfg = Release|Any CPU
		{3733FAED-84E8-4B6A-903B-C82204FBFEF0}.Release|Any CPU.Build.0 = Release|Any CPU
		{3733FAED-84E8-4B6A-903B-C82204FBFEF0}.Release|x64.ActiveCfg = Release|Any CPU
		{3733FAED-84E8-4B6A-903B-C82204FBFEF0}.Release|x64.Build.0 = Release|Any CPU
		{3733FAED-84E8-4B6A-903B-C82204FBFEF0}.Release|x86.ActiveCfg = Release|Any CPU
		{3733FAED-84E8-4B6A-903B-C82204FBFEF0}.Release|x86.Build.0 = Release|Any CPU
		{F06DD35F-9F3F-4AC4-8DD7-071B42F8EA8F}.Debug|Any CPU.ActiveCfg = Debug|x64
		{F06DD35F-9F3F-4AC4-8DD7-071B42F8EA8F}.Debug|Any CPU.Build.0 = Debug|x64
		{F06DD35F-9F3F-4AC4-8DD7-071B42F8EA8F}.Debug|x64.ActiveCfg = Debug|x64
		{F06DD35F-9F3F-4AC4-8DD7-071B42F8EA8F}.Debug|x64.Build.0 = Debug|x64
		{F06DD35F-9F3F-4AC4-8DD7-071B42F8EA8F}.Debug|x86.ActiveCfg = Debug|Win32
		{F06DD35F-9F3F-4AC4-8DD7-071B42F8EA8F}.Debug|x86.Build.0 = Debug|Win32
		{F06DD35F-9F3F-4AC4-8DD7-071B42F8EA8F}.Release|Any CPU.ActiveCfg = Release|x64
		{F06DD35F-9F3F-4AC4-8DD7-071B42F8EA8F}.Release|Any CPU.Build.0 = Release|x64
		{F06DD35F-9F3F-4AC4-8DD7-071B42F8EA8F}.Release|x64.ActiveCfg = Release|x64
		{F06DD35F-9F3F-4AC4-8DD7-071B42F8EA8F}.Release|x64.Build.0 = Release|x64
		{F06DD35F-9F3F-4AC4-8DD7-071B42F8EA8F}.Release|x86.ActiveCfg = Release|Win32
		{F06DD35F-9F3F-4AC4-8DD7-071B42F8EA8F}.Release|x86.Build.0 = Release|Win32
	EndGlobalSection
	GlobalSection(SolutionProperties) = preSolution
		HideSolutionNode = FALSE
	EndGlobalSection
	GlobalSection(ExtensibilityGlobals) = postSolution
		SolutionGuid = {B923E3BD-DF1B-4C5C-9DB9-09949829928C}
	EndGlobalSection
EndGlobal
